Microsoft Visual Studio Solution File, Format Version 12.00
# Visual Studio Version 17
VisualStudioVersion = 17.14.35821.62
MinimumVisualStudioVersion = 10.0.40219.1
Project("{FAE04EC0-301F-11D3-BF4B-00C04F79EFBC}") = "AuthenticatedOtelLogger", "AuthenticatedOtelLogger.csproj", "{5B75E1B8-1786-4999-9AE1-48FA590BF525}"
EndProject
Global
	GlobalSection(SolutionConfigurationPlatforms) = preSolution
		Debug|Any CPU = Debug|Any CPU
		Release|Any CPU = Release|Any CPU
	EndGlobalSection
	GlobalSection(ProjectConfigurationPlatforms) = postSolution
		{5B75E1B8-1786-4999-9AE1-48FA590BF525}.Debug|Any CPU.ActiveCfg = Debug|Any CPU
		{5B75E1B8-1786-4999-9AE1-48FA590BF525}.Debug|Any CPU.Build.0 = Debug|Any CPU
		{5B75E1B8-1786-4999-9AE1-48FA590BF525}.Release|Any CPU.ActiveCfg = Release|Any CPU
		{5B75E1B8-1786-4999-9AE1-48FA590BF525}.Release|Any CPU.Build.0 = Release|Any CPU
	EndGlobalSection
	GlobalSection(SolutionProperties) = preSolution
		HideSolutionNode = FALSE
	EndGlobalSection
	GlobalSection(ExtensibilityGlobals) = postSolution
		SolutionGuid = {F8253810-2D61-4D12-B1C0-4FD4E08BEB47}
	EndGlobalSection
EndGlobal
